// !$*UTF8*$!
{
	archiveVersion = 1;
	classes = {
	};
	objectVersion = 56;
	objects = {

/* Begin PBXBuildFile section */
		18599BF4296DB7D5008223AF /* AppDelegate.swift in Sources */ = {isa = PBXBuildFile; fileRef = 18599BF3296DB7D5008223AF /* AppDelegate.swift */; };
		18599BF6296DB7D5008223AF /* SceneDelegate.swift in Sources */ = {isa = PBXBuildFile; fileRef = 18599BF5296DB7D5008223AF /* SceneDelegate.swift */; };
		18599BFD296DB7D7008223AF /* Assets.xcassets in Resources */ = {isa = PBXBuildFile; fileRef = 18599BFC296DB7D7008223AF /* Assets.xcassets */; };
		18599C00296DB7D7008223AF /* LaunchScreen.storyboard in Resources */ = {isa = PBXBuildFile; fileRef = 18599BFE296DB7D7008223AF /* LaunchScreen.storyboard */; };
		18599C08296DB843008223AF /* .gitignore in Resources */ = {isa = PBXBuildFile; fileRef = 18599C07296DB843008223AF /* .gitignore */; };
		18599C0E296DB922008223AF /* readme.md in Resources */ = {isa = PBXBuildFile; fileRef = 18599C0D296DB921008223AF /* readme.md */; };
		18599C14296DC45F008223AF /* APIKey.swift in Sources */ = {isa = PBXBuildFile; fileRef = 18599C13296DC45F008223AF /* APIKey.swift */; };
		18599C17296DC4AE008223AF /* MainViewController.swift in Sources */ = {isa = PBXBuildFile; fileRef = 18599C16296DC4AE008223AF /* MainViewController.swift */; };
		18599C19296DC4B9008223AF /* MainView.swift in Sources */ = {isa = PBXBuildFile; fileRef = 18599C18296DC4B9008223AF /* MainView.swift */; };
		18599C1B296DC4C8008223AF /* MainViewModel.swift in Sources */ = {isa = PBXBuildFile; fileRef = 18599C1A296DC4C8008223AF /* MainViewModel.swift */; };
		18599C20296DC526008223AF /* BaseViewController.swift in Sources */ = {isa = PBXBuildFile; fileRef = 18599C1F296DC526008223AF /* BaseViewController.swift */; };
		18599C22296DC52B008223AF /* BaseView.swift in Sources */ = {isa = PBXBuildFile; fileRef = 18599C21296DC52B008223AF /* BaseView.swift */; };
		18599C25296DC74C008223AF /* SearchCollectionViewCell.swift in Sources */ = {isa = PBXBuildFile; fileRef = 18599C24296DC74C008223AF /* SearchCollectionViewCell.swift */; };
		18599C27296DC775008223AF /* BaseCollectionViewCell.swift in Sources */ = {isa = PBXBuildFile; fileRef = 18599C26296DC775008223AF /* BaseCollectionViewCell.swift */; };
		18599C2A296DC7CF008223AF /* SnapKit in Frameworks */ = {isa = PBXBuildFile; productRef = 18599C29296DC7CF008223AF /* SnapKit */; };
		18599C2D296DC7E2008223AF /* RxCocoa in Frameworks */ = {isa = PBXBuildFile; productRef = 18599C2C296DC7E2008223AF /* RxCocoa */; };
		18599C2F296DC7E2008223AF /* RxSwift in Frameworks */ = {isa = PBXBuildFile; productRef = 18599C2E296DC7E2008223AF /* RxSwift */; };
		18599C32296DC7F7008223AF /* Alamofire in Frameworks */ = {isa = PBXBuildFile; productRef = 18599C31296DC7F7008223AF /* Alamofire */; };
		18599C34296DC89A008223AF /* ReusableProtocol.swift in Sources */ = {isa = PBXBuildFile; fileRef = 18599C33296DC89A008223AF /* ReusableProtocol.swift */; };
		18599C37296DCA37008223AF /* CustomNSCollectionLayoutSection.swift in Sources */ = {isa = PBXBuildFile; fileRef = 18599C36296DCA37008223AF /* CustomNSCollectionLayoutSection.swift */; };
/* End PBXBuildFile section */

/* Begin PBXFileReference section */
		18599BF0296DB7D5008223AF /* SearchableWeatherApp.app */ = {isa = PBXFileReference; explicitFileType = wrapper.application; includeInIndex = 0; path = SearchableWeatherApp.app; sourceTree = BUILT_PRODUCTS_DIR; };
		18599BF3296DB7D5008223AF /* AppDelegate.swift */ = {isa = PBXFileReference; lastKnownFileType = sourcecode.swift; path = AppDelegate.swift; sourceTree = "<group>"; };
		18599BF5296DB7D5008223AF /* SceneDelegate.swift */ = {isa = PBXFileReference; lastKnownFileType = sourcecode.swift; path = SceneDelegate.swift; sourceTree = "<group>"; };
		18599BFC296DB7D7008223AF /* Assets.xcassets */ = {isa = PBXFileReference; lastKnownFileType = folder.assetcatalog; path = Assets.xcassets; sourceTree = "<group>"; };
		18599BFF296DB7D7008223AF /* Base */ = {isa = PBXFileReference; lastKnownFileType = file.storyboard; name = Base; path = Base.lproj/LaunchScreen.storyboard; sourceTree = "<group>"; };
		18599C01296DB7D7008223AF /* Info.plist */ = {isa = PBXFileReference; lastKnownFileType = text.plist.xml; path = Info.plist; sourceTree = "<group>"; };
		18599C07296DB843008223AF /* .gitignore */ = {isa = PBXFileReference; lastKnownFileType = text; path = .gitignore; sourceTree = "<group>"; };
		18599C0D296DB921008223AF /* readme.md */ = {isa = PBXFileReference; fileEncoding = 4; lastKnownFileType = net.daringfireball.markdown; path = readme.md; sourceTree = "<group>"; };
		18599C13296DC45F008223AF /* APIKey.swift */ = {isa = PBXFileReference; lastKnownFileType = sourcecode.swift; path = APIKey.swift; sourceTree = "<group>"; };
		18599C16296DC4AE008223AF /* MainViewController.swift */ = {isa = PBXFileReference; lastKnownFileType = sourcecode.swift; path = MainViewController.swift; sourceTree = "<group>"; };
		18599C18296DC4B9008223AF /* MainView.swift */ = {isa = PBXFileReference; lastKnownFileType = sourcecode.swift; path = MainView.swift; sourceTree = "<group>"; };
		18599C1A296DC4C8008223AF /* MainViewModel.swift */ = {isa = PBXFileReference; lastKnownFileType = sourcecode.swift; path = MainViewModel.swift; sourceTree = "<group>"; };
		18599C1F296DC526008223AF /* BaseViewController.swift */ = {isa = PBXFileReference; lastKnownFileType = sourcecode.swift; path = BaseViewController.swift; sourceTree = "<group>"; };
		18599C21296DC52B008223AF /* BaseView.swift */ = {isa = PBXFileReference; lastKnownFileType = sourcecode.swift; path = BaseView.swift; sourceTree = "<group>"; };
		18599C24296DC74C008223AF /* SearchCollectionViewCell.swift */ = {isa = PBXFileReference; lastKnownFileType = sourcecode.swift; path = SearchCollectionViewCell.swift; sourceTree = "<group>"; };
		18599C26296DC775008223AF /* BaseCollectionViewCell.swift */ = {isa = PBXFileReference; lastKnownFileType = sourcecode.swift; path = BaseCollectionViewCell.swift; sourceTree = "<group>"; };
		18599C33296DC89A008223AF /* ReusableProtocol.swift */ = {isa = PBXFileReference; lastKnownFileType = sourcecode.swift; path = ReusableProtocol.swift; sourceTree = "<group>"; };
		18599C36296DCA37008223AF /* CustomNSCollectionLayoutSection.swift */ = {isa = PBXFileReference; lastKnownFileType = sourcecode.swift; path = CustomNSCollectionLayoutSection.swift; sourceTree = "<group>"; };
/* End PBXFileReference section */

/* Begin PBXFrameworksBuildPhase section */
		18599BED296DB7D5008223AF /* Frameworks */ = {
			isa = PBXFrameworksBuildPhase;
			buildActionMask = 2147483647;
			files = (
				18599C2F296DC7E2008223AF /* RxSwift in Frameworks */,
				18599C32296DC7F7008223AF /* Alamofire in Frameworks */,
				18599C2D296DC7E2008223AF /* RxCocoa in Frameworks */,
				18599C2A296DC7CF008223AF /* SnapKit in Frameworks */,
			);
			runOnlyForDeploymentPostprocessing = 0;
		};
/* End PBXFrameworksBuildPhase section */

/* Begin PBXGroup section */
		18599BE7296DB7D5008223AF = {
			isa = PBXGroup;
			children = (
				18599C07296DB843008223AF /* .gitignore */,
				18599C0D296DB921008223AF /* readme.md */,
				18599BF2296DB7D5008223AF /* SearchableWeatherApp */,
				18599BF1296DB7D5008223AF /* Products */,
			);
			sourceTree = "<group>";
		};
		18599BF1296DB7D5008223AF /* Products */ = {
			isa = PBXGroup;
			children = (
				18599BF0296DB7D5008223AF /* SearchableWeatherApp.app */,
			);
			name = Products;
			sourceTree = "<group>";
		};
		18599BF2296DB7D5008223AF /* SearchableWeatherApp */ = {
			isa = PBXGroup;
			children = (
				18599C12296DC451008223AF /* Network */,
				18599C11296DC43E008223AF /* Constants */,
				18599C10296DC42E008223AF /* Scene */,
				18599C0F296DC425008223AF /* Extension */,
				18599BF3296DB7D5008223AF /* AppDelegate.swift */,
				18599BF5296DB7D5008223AF /* SceneDelegate.swift */,
				18599BFC296DB7D7008223AF /* Assets.xcassets */,
				18599BFE296DB7D7008223AF /* LaunchScreen.storyboard */,
				18599C01296DB7D7008223AF /* Info.plist */,
			);
			path = SearchableWeatherApp;
			sourceTree = "<group>";
		};
		18599C0F296DC425008223AF /* Extension */ = {
			isa = PBXGroup;
			children = (
				18599C35296DCA1F008223AF /* CollectinViewLayout */,
				18599C33296DC89A008223AF /* ReusableProtocol.swift */,
			);
			path = Extension;
			sourceTree = "<group>";
		};
		18599C10296DC42E008223AF /* Scene */ = {
			isa = PBXGroup;
			children = (
				18599C15296DC4A1008223AF /* Main */,
			);
			path = Scene;
			sourceTree = "<group>";
		};
		18599C11296DC43E008223AF /* Constants */ = {
			isa = PBXGroup;
			children = (
				18599C1E296DC51A008223AF /* Base */,
			);
			path = Constants;
			sourceTree = "<group>";
		};
		18599C12296DC451008223AF /* Network */ = {
			isa = PBXGroup;
			children = (
				18599C13296DC45F008223AF /* APIKey.swift */,
			);
			path = Network;
			sourceTree = "<group>";
		};
		18599C15296DC4A1008223AF /* Main */ = {
			isa = PBXGroup;
			children = (
				18599C23296DC73C008223AF /* Cell */,
				18599C16296DC4AE008223AF /* MainViewController.swift */,
				18599C18296DC4B9008223AF /* MainView.swift */,
				18599C1A296DC4C8008223AF /* MainViewModel.swift */,
			);
			path = Main;
			sourceTree = "<group>";
		};
		18599C1E296DC51A008223AF /* Base */ = {
			isa = PBXGroup;
			children = (
				18599C1F296DC526008223AF /* BaseViewController.swift */,
				18599C21296DC52B008223AF /* BaseView.swift */,
				18599C26296DC775008223AF /* BaseCollectionViewCell.swift */,
			);
			path = Base;
			sourceTree = "<group>";
		};
		18599C23296DC73C008223AF /* Cell */ = {
			isa = PBXGroup;
			children = (
				18599C24296DC74C008223AF /* SearchCollectionViewCell.swift */,
			);
			path = Cell;
			sourceTree = "<group>";
		};
		18599C35296DCA1F008223AF /* CollectinViewLayout */ = {
			isa = PBXGroup;
			children = (
				18599C36296DCA37008223AF /* CustomNSCollectionLayoutSection.swift */,
			);
			path = CollectinViewLayout;
			sourceTree = "<group>";
		};
/* End PBXGroup section */

/* Begin PBXNativeTarget section */
		18599BEF296DB7D5008223AF /* SearchableWeatherApp */ = {
			isa = PBXNativeTarget;
			buildConfigurationList = 18599C04296DB7D7008223AF /* Build configuration list for PBXNativeTarget "SearchableWeatherApp" */;
			buildPhases = (
				18599BEC296DB7D5008223AF /* Sources */,
				18599BED296DB7D5008223AF /* Frameworks */,
				18599BEE296DB7D5008223AF /* Resources */,
			);
			buildRules = (
			);
			dependencies = (
			);
			name = SearchableWeatherApp;
			packageProductDependencies = (
				18599C29296DC7CF008223AF /* SnapKit */,
				18599C2C296DC7E2008223AF /* RxCocoa */,
				18599C2E296DC7E2008223AF /* RxSwift */,
				18599C31296DC7F7008223AF /* Alamofire */,
			);
			productName = SearchableWeatherApp;
			productReference = 18599BF0296DB7D5008223AF /* SearchableWeatherApp.app */;
			productType = "com.apple.product-type.application";
		};
/* End PBXNativeTarget section */

/* Begin PBXProject section */
		18599BE8296DB7D5008223AF /* Project object */ = {
			isa = PBXProject;
			attributes = {
				BuildIndependentTargetsInParallel = 1;
				LastSwiftUpdateCheck = 1420;
				LastUpgradeCheck = 1420;
				TargetAttributes = {
					18599BEF296DB7D5008223AF = {
						CreatedOnToolsVersion = 14.2;
					};
				};
			};
			buildConfigurationList = 18599BEB296DB7D5008223AF /* Build configuration list for PBXProject "SearchableWeatherApp" */;
			compatibilityVersion = "Xcode 14.0";
			developmentRegion = en;
			hasScannedForEncodings = 0;
			knownRegions = (
				en,
				Base,
			);
			mainGroup = 18599BE7296DB7D5008223AF;
			packageReferences = (
				18599C28296DC7CF008223AF /* XCRemoteSwiftPackageReference "SnapKit" */,
				18599C2B296DC7E2008223AF /* XCRemoteSwiftPackageReference "RxSwift" */,
				18599C30296DC7F7008223AF /* XCRemoteSwiftPackageReference "Alamofire" */,
			);
			productRefGroup = 18599BF1296DB7D5008223AF /* Products */;
			projectDirPath = "";
			projectRoot = "";
			targets = (
				18599BEF296DB7D5008223AF /* SearchableWeatherApp */,
			);
		};
/* End PBXProject section */

/* Begin PBXResourcesBuildPhase section */
		18599BEE296DB7D5008223AF /* Resources */ = {
			isa = PBXResourcesBuildPhase;
			buildActionMask = 2147483647;
			files = (
				18599C00296DB7D7008223AF /* LaunchScreen.storyboard in Resources */,
				18599C08296DB843008223AF /* .gitignore in Resources */,
				18599C0E296DB922008223AF /* readme.md in Resources */,
				18599BFD296DB7D7008223AF /* Assets.xcassets in Resources */,
			);
			runOnlyForDeploymentPostprocessing = 0;
		};
/* End PBXResourcesBuildPhase section */

/* Begin PBXSourcesBuildPhase section */
		18599BEC296DB7D5008223AF /* Sources */ = {
			isa = PBXSourcesBuildPhase;
			buildActionMask = 2147483647;
			files = (
				18599BF4296DB7D5008223AF /* AppDelegate.swift in Sources */,
				18599C14296DC45F008223AF /* APIKey.swift in Sources */,
				18599BF6296DB7D5008223AF /* SceneDelegate.swift in Sources */,
				18599C19296DC4B9008223AF /* MainView.swift in Sources */,
				18599C17296DC4AE008223AF /* MainViewController.swift in Sources */,
				18599C27296DC775008223AF /* BaseCollectionViewCell.swift in Sources */,
				18599C34296DC89A008223AF /* ReusableProtocol.swift in Sources */,
				18599C37296DCA37008223AF /* CustomNSCollectionLayoutSection.swift in Sources */,
				18599C20296DC526008223AF /* BaseViewController.swift in Sources */,
				18599C1B296DC4C8008223AF /* MainViewModel.swift in Sources */,
				18599C22296DC52B008223AF /* BaseView.swift in Sources */,
				18599C25296DC74C008223AF /* SearchCollectionViewCell.swift in Sources */,
			);
			runOnlyForDeploymentPostprocessing = 0;
		};
/* End PBXSourcesBuildPhase section */

/* Begin PBXVariantGroup section */
		18599BFE296DB7D7008223AF /* LaunchScreen.storyboard */ = {
			isa = PBXVariantGroup;
			children = (
				18599BFF296DB7D7008223AF /* Base */,
			);
			name = LaunchScreen.storyboard;
			sourceTree = "<group>";
		};
/* End PBXVariantGroup section */

/* Begin XCBuildConfiguration section */
		18599C02296DB7D7008223AF /* Debug */ = {
			isa = XCBuildConfiguration;
			buildSettings = {
				ALWAYS_SEARCH_USER_PATHS = NO;
				CLANG_ANALYZER_NONNULL = YES;
				CLANG_ANALYZER_NUMBER_OBJECT_CONVERSION = YES_AGGRESSIVE;
				CLANG_CXX_LANGUAGE_STANDARD = "gnu++20";
				CLANG_ENABLE_MODULES = YES;
				CLANG_ENABLE_OBJC_ARC = YES;
				CLANG_ENABLE_OBJC_WEAK = YES;
				CLANG_WARN_BLOCK_CAPTURE_AUTORELEASING = YES;
				CLANG_WARN_BOOL_CONVERSION = YES;
				CLANG_WARN_COMMA = YES;
				CLANG_WARN_CONSTANT_CONVERSION = YES;
				CLANG_WARN_DEPRECATED_OBJC_IMPLEMENTATIONS = YES;
				CLANG_WARN_DIRECT_OBJC_ISA_USAGE = YES_ERROR;
				CLANG_WARN_DOCUMENTATION_COMMENTS = YES;
				CLANG_WARN_EMPTY_BODY = YES;
				CLANG_WARN_ENUM_CONVERSION = YES;
				CLANG_WARN_INFINITE_RECURSION = YES;
				CLANG_WARN_INT_CONVERSION = YES;
				CLANG_WARN_NON_LITERAL_NULL_CONVERSION = YES;
				CLANG_WARN_OBJC_IMPLICIT_RETAIN_SELF = YES;
				CLANG_WARN_OBJC_LITERAL_CONVERSION = YES;
				CLANG_WARN_OBJC_ROOT_CLASS = YES_ERROR;
				CLANG_WARN_QUOTED_INCLUDE_IN_FRAMEWORK_HEADER = YES;
				CLANG_WARN_RANGE_LOOP_ANALYSIS = YES;
				CLANG_WARN_STRICT_PROTOTYPES = YES;
				CLANG_WARN_SUSPICIOUS_MOVE = YES;
				CLANG_WARN_UNGUARDED_AVAILABILITY = YES_AGGRESSIVE;
				CLANG_WARN_UNREACHABLE_CODE = YES;
				CLANG_WARN__DUPLICATE_METHOD_MATCH = YES;
				COPY_PHASE_STRIP = NO;
				DEBUG_INFORMATION_FORMAT = dwarf;
				ENABLE_STRICT_OBJC_MSGSEND = YES;
				ENABLE_TESTABILITY = YES;
				GCC_C_LANGUAGE_STANDARD = gnu11;
				GCC_DYNAMIC_NO_PIC = NO;
				GCC_NO_COMMON_BLOCKS = YES;
				GCC_OPTIMIZATION_LEVEL = 0;
				GCC_PREPROCESSOR_DEFINITIONS = (
					"DEBUG=1",
					"$(inherited)",
				);
				GCC_WARN_64_TO_32_BIT_CONVERSION = YES;
				GCC_WARN_ABOUT_RETURN_TYPE = YES_ERROR;
				GCC_WARN_UNDECLARED_SELECTOR = YES;
				GCC_WARN_UNINITIALIZED_AUTOS = YES_AGGRESSIVE;
				GCC_WARN_UNUSED_FUNCTION = YES;
				GCC_WARN_UNUSED_VARIABLE = YES;
				IPHONEOS_DEPLOYMENT_TARGET = 16.2;
				MTL_ENABLE_DEBUG_INFO = INCLUDE_SOURCE;
				MTL_FAST_MATH = YES;
				ONLY_ACTIVE_ARCH = YES;
				SDKROOT = iphoneos;
				SWIFT_ACTIVE_COMPILATION_CONDITIONS = DEBUG;
				SWIFT_OPTIMIZATION_LEVEL = "-Onone";
			};
			name = Debug;
		};
		18599C03296DB7D7008223AF /* Release */ = {
			isa = XCBuildConfiguration;
			buildSettings = {
				ALWAYS_SEARCH_USER_PATHS = NO;
				CLANG_ANALYZER_NONNULL = YES;
				CLANG_ANALYZER_NUMBER_OBJECT_CONVERSION = YES_AGGRESSIVE;
				CLANG_CXX_LANGUAGE_STANDARD = "gnu++20";
				CLANG_ENABLE_MODULES = YES;
				CLANG_ENABLE_OBJC_ARC = YES;
				CLANG_ENABLE_OBJC_WEAK = YES;
				CLANG_WARN_BLOCK_CAPTURE_AUTORELEASING = YES;
				CLANG_WARN_BOOL_CONVERSION = YES;
				CLANG_WARN_COMMA = YES;
				CLANG_WARN_CONSTANT_CONVERSION = YES;
				CLANG_WARN_DEPRECATED_OBJC_IMPLEMENTATIONS = YES;
				CLANG_WARN_DIRECT_OBJC_ISA_USAGE = YES_ERROR;
				CLANG_WARN_DOCUMENTATION_COMMENTS = YES;
				CLANG_WARN_EMPTY_BODY = YES;
				CLANG_WARN_ENUM_CONVERSION = YES;
				CLANG_WARN_INFINITE_RECURSION = YES;
				CLANG_WARN_INT_CONVERSION = YES;
				CLANG_WARN_NON_LITERAL_NULL_CONVERSION = YES;
				CLANG_WARN_OBJC_IMPLICIT_RETAIN_SELF = YES;
				CLANG_WARN_OBJC_LITERAL_CONVERSION = YES;
				CLANG_WARN_OBJC_ROOT_CLASS = YES_ERROR;
				CLANG_WARN_QUOTED_INCLUDE_IN_FRAMEWORK_HEADER = YES;
				CLANG_WARN_RANGE_LOOP_ANALYSIS = YES;
				CLANG_WARN_STRICT_PROTOTYPES = YES;
				CLANG_WARN_SUSPICIOUS_MOVE = YES;
				CLANG_WARN_UNGUARDED_AVAILABILITY = YES_AGGRESSIVE;
				CLANG_WARN_UNREACHABLE_CODE = YES;
				CLANG_WARN__DUPLICATE_METHOD_MATCH = YES;
				COPY_PHASE_STRIP = NO;
				DEBUG_INFORMATION_FORMAT = "dwarf-with-dsym";
				ENABLE_NS_ASSERTIONS = NO;
				ENABLE_STRICT_OBJC_MSGSEND = YES;
				GCC_C_LANGUAGE_STANDARD = gnu11;
				GCC_NO_COMMON_BLOCKS = YES;
				GCC_WARN_64_TO_32_BIT_CONVERSION = YES;
				GCC_WARN_ABOUT_RETURN_TYPE = YES_ERROR;
				GCC_WARN_UNDECLARED_SELECTOR = YES;
				GCC_WARN_UNINITIALIZED_AUTOS = YES_AGGRESSIVE;
				GCC_WARN_UNUSED_FUNCTION = YES;
				GCC_WARN_UNUSED_VARIABLE = YES;
				IPHONEOS_DEPLOYMENT_TARGET = 16.2;
				MTL_ENABLE_DEBUG_INFO = NO;
				MTL_FAST_MATH = YES;
				SDKROOT = iphoneos;
				SWIFT_COMPILATION_MODE = wholemodule;
				SWIFT_OPTIMIZATION_LEVEL = "-O";
				VALIDATE_PRODUCT = YES;
			};
			name = Release;
		};
		18599C05296DB7D7008223AF /* Debug */ = {
			isa = XCBuildConfiguration;
			buildSettings = {
				ASSETCATALOG_COMPILER_APPICON_NAME = AppIcon;
				ASSETCATALOG_COMPILER_GLOBAL_ACCENT_COLOR_NAME = AccentColor;
				CODE_SIGN_STYLE = Automatic;
				CURRENT_PROJECT_VERSION = 1;
				DEVELOPMENT_TEAM = UT362X937Q;
				GENERATE_INFOPLIST_FILE = YES;
				INFOPLIST_FILE = SearchableWeatherApp/Info.plist;
				INFOPLIST_KEY_UIApplicationSupportsIndirectInputEvents = YES;
				INFOPLIST_KEY_UILaunchStoryboardName = LaunchScreen;
				INFOPLIST_KEY_UISupportedInterfaceOrientations = UIInterfaceOrientationPortrait;
				INFOPLIST_KEY_UISupportedInterfaceOrientations_iPad = "UIInterfaceOrientationLandscapeLeft UIInterfaceOrientationLandscapeRight UIInterfaceOrientationPortrait UIInterfaceOrientationPortraitUpsideDown";
				IPHONEOS_DEPLOYMENT_TARGET = 15.0;
				LD_RUNPATH_SEARCH_PATHS = (
					"$(inherited)",
					"@executable_path/Frameworks",
				);
				MARKETING_VERSION = 1.0;
				PRODUCT_BUNDLE_IDENTIFIER = io.github.yyyng2.SearchableWeatherApp;
				PRODUCT_NAME = "$(TARGET_NAME)";
				SUPPORTED_PLATFORMS = "iphoneos iphonesimulator";
				SUPPORTS_MACCATALYST = NO;
				SUPPORTS_MAC_DESIGNED_FOR_IPHONE_IPAD = NO;
				SWIFT_EMIT_LOC_STRINGS = YES;
				SWIFT_VERSION = 5.0;
				TARGETED_DEVICE_FAMILY = 1;
			};
			name = Debug;
		};
		18599C06296DB7D7008223AF /* Release */ = {
			isa = XCBuildConfiguration;
			buildSettings = {
				ASSETCATALOG_COMPILER_APPICON_NAME = AppIcon;
				ASSETCATALOG_COMPILER_GLOBAL_ACCENT_COLOR_NAME = AccentColor;
				CODE_SIGN_STYLE = Automatic;
				CURRENT_PROJECT_VERSION = 1;
				DEVELOPMENT_TEAM = UT362X937Q;
				GENERATE_INFOPLIST_FILE = YES;
				INFOPLIST_FILE = SearchableWeatherApp/Info.plist;
				INFOPLIST_KEY_UIApplicationSupportsIndirectInputEvents = YES;
				INFOPLIST_KEY_UILaunchStoryboardName = LaunchScreen;
				INFOPLIST_KEY_UISupportedInterfaceOrientations = UIInterfaceOrientationPortrait;
				INFOPLIST_KEY_UISupportedInterfaceOrientations_iPad = "UIInterfaceOrientationLandscapeLeft UIInterfaceOrientationLandscapeRight UIInterfaceOrientationPortrait UIInterfaceOrientationPortraitUpsideDown";
				IPHONEOS_DEPLOYMENT_TARGET = 15.0;
				LD_RUNPATH_SEARCH_PATHS = (
					"$(inherited)",
					"@executable_path/Frameworks",
				);
				MARKETING_VERSION = 1.0;
				PRODUCT_BUNDLE_IDENTIFIER = io.github.yyyng2.SearchableWeatherApp;
				PRODUCT_NAME = "$(TARGET_NAME)";
				SUPPORTED_PLATFORMS = "iphoneos iphonesimulator";
				SUPPORTS_MACCATALYST = NO;
				SUPPORTS_MAC_DESIGNED_FOR_IPHONE_IPAD = NO;
				SWIFT_EMIT_LOC_STRINGS = YES;
				SWIFT_VERSION = 5.0;
				TARGETED_DEVICE_FAMILY = 1;
			};
			name = Release;
		};
/* End XCBuildConfiguration section */

/* Begin XCConfigurationList section */
		18599BEB296DB7D5008223AF /* Build configuration list for PBXProject "SearchableWeatherApp" */ = {
			isa = XCConfigurationList;
			buildConfigurations = (
				18599C02296DB7D7008223AF /* Debug */,
				18599C03296DB7D7008223AF /* Release */,
			);
			defaultConfigurationIsVisible = 0;
			defaultConfigurationName = Release;
		};
		18599C04296DB7D7008223AF /* Build configuration list for PBXNativeTarget "SearchableWeatherApp" */ = {
			isa = XCConfigurationList;
			buildConfigurations = (
				18599C05296DB7D7008223AF /* Debug */,
				18599C06296DB7D7008223AF /* Release */,
			);
			defaultConfigurationIsVisible = 0;
			defaultConfigurationName = Release;
		};
/* End XCConfigurationList section */

/* Begin XCRemoteSwiftPackageReference section */
		18599C28296DC7CF008223AF /* XCRemoteSwiftPackageReference "SnapKit" */ = {
			isa = XCRemoteSwiftPackageReference;
			repositoryURL = "https://github.com/SnapKit/SnapKit.git";
			requirement = {
				kind = upToNextMajorVersion;
				minimumVersion = 5.0.0;
			};
		};
		18599C2B296DC7E2008223AF /* XCRemoteSwiftPackageReference "RxSwift" */ = {
			isa = XCRemoteSwiftPackageReference;
			repositoryURL = "https://github.com/ReactiveX/RxSwift.git";
			requirement = {
				kind = upToNextMajorVersion;
				minimumVersion = 6.0.0;
			};
		};
		18599C30296DC7F7008223AF /* XCRemoteSwiftPackageReference "Alamofire" */ = {
			isa = XCRemoteSwiftPackageReference;
			repositoryURL = "https://github.com/Alamofire/Alamofire.git";
			requirement = {
				kind = upToNextMajorVersion;
				minimumVersion = 5.0.0;
			};
		};
/* End XCRemoteSwiftPackageReference section */

/* Begin XCSwiftPackageProductDependency section */
		18599C29296DC7CF008223AF /* SnapKit */ = {
			isa = XCSwiftPackageProductDependency;
			package = 18599C28296DC7CF008223AF /* XCRemoteSwiftPackageReference "SnapKit" */;
			productName = SnapKit;
		};
		18599C2C296DC7E2008223AF /* RxCocoa */ = {
			isa = XCSwiftPackageProductDependency;
			package = 18599C2B296DC7E2008223AF /* XCRemoteSwiftPackageReference "RxSwift" */;
			productName = RxCocoa;
		};
		18599C2E296DC7E2008223AF /* RxSwift */ = {
			isa = XCSwiftPackageProductDependency;
			package = 18599C2B296DC7E2008223AF /* XCRemoteSwiftPackageReference "RxSwift" */;
			productName = RxSwift;
		};
		18599C31296DC7F7008223AF /* Alamofire */ = {
			isa = XCSwiftPackageProductDependency;
			package = 18599C30296DC7F7008223AF /* XCRemoteSwiftPackageReference "Alamofire" */;
			productName = Alamofire;
		};
/* End XCSwiftPackageProductDependency section */
	};
	rootObject = 18599BE8296DB7D5008223AF /* Project object */;
}
